{
  "object": {
    "pins": [
      {
        "package": "AlertToast",
        "repositoryURL": "https://github.com/elai950/AlertToast.git",
        "state": {
          "branch": "master",
          "revision": "6f0c1da59221ff337ebab856e13c7fcd26f9a426",
          "version": null
        }
      },
      {
        "package": "PopupView",
        "repositoryURL": "https://github.com/exyte/PopupView.git",
        "state": {
          "branch": "master",
          "revision": "06327fa8c941a9d566cd816ae7afe7c562c43edc",
          "version": null
        }
      },
      {
        "package": "Introspect",
        "repositoryURL": "https://github.com/siteline/SwiftUI-Introspect.git",
        "state": {
          "branch": "master",
          "revision": "7ef0df639079491ee1aaf6b83b6fd4d08df80393",
          "version": null
        }
      }
    ]
  },
  "version": 1
}
